// !$*UTF8*$!
{
	archiveVersion = 1;
	classes = {
	};
	objectVersion = 46;
	objects = {

/* Begin PBXBuildFile section */
		3EA523A41C6307E7000C47B8 /* AppDelegate.swift in Sources */ = {isa = PBXBuildFile; fileRef = 3EA523A31C6307E7000C47B8 /* AppDelegate.swift */; };
		3EA523A61C6307E7000C47B8 /* ViewController.swift in Sources */ = {isa = PBXBuildFile; fileRef = 3EA523A51C6307E7000C47B8 /* ViewController.swift */; };
		3EA523A91C6307E7000C47B8 /* Main.storyboard in Resources */ = {isa = PBXBuildFile; fileRef = 3EA523A71C6307E7000C47B8 /* Main.storyboard */; };
		3EA523AB1C6307E7000C47B8 /* Assets.xcassets in Resources */ = {isa = PBXBuildFile; fileRef = 3EA523AA1C6307E7000C47B8 /* Assets.xcassets */; };
		3EA523AE1C6307E7000C47B8 /* LaunchScreen.storyboard in Resources */ = {isa = PBXBuildFile; fileRef = 3EA523AC1C6307E7000C47B8 /* LaunchScreen.storyboard */; };
		3EA523B91C6307E7000C47B8 /* CMP_0_0Tests.swift in Sources */ = {isa = PBXBuildFile; fileRef = 3EA523B81C6307E7000C47B8 /* CMP_0_0Tests.swift */; };
		3EA523C41C6307E7000C47B8 /* CMP_0_0UITests.swift in Sources */ = {isa = PBXBuildFile; fileRef = 3EA523C31C6307E7000C47B8 /* CMP_0_0UITests.swift */; };
/* End PBXBuildFile section */

/* Begin PBXContainerItemProxy section */
		3EA523B51C6307E7000C47B8 /* PBXContainerItemProxy */ = {
			isa = PBXContainerItemProxy;
			containerPortal = 3EA523981C6307E7000C47B8 /* Project object */;
			proxyType = 1;
			remoteGlobalIDString = 3EA5239F1C6307E7000C47B8;
			remoteInfo = CMP_0.0;
		};
		3EA523C01C6307E7000C47B8 /* PBXContainerItemProxy */ = {
			isa = PBXContainerItemProxy;
			containerPortal = 3EA523981C6307E7000C47B8 /* Project object */;
			proxyType = 1;
			remoteGlobalIDString = 3EA5239F1C6307E7000C47B8;
			remoteInfo = CMP_0.0;
		};
/* End PBXContainerItemProxy section */

/* Begin PBXFileReference section */
		3EA523A01C6307E7000C47B8 /* CMP_0.0.app */ = {isa = PBXFileReference; explicitFileType = wrapper.application; includeInIndex = 0; path = CMP_0.0.app; sourceTree = BUILT_PRODUCTS_DIR; };
		3EA523A31C6307E7000C47B8 /* AppDelegate.swift */ = {isa = PBXFileReference; lastKnownFileType = sourcecode.swift; path = AppDelegate.swift; sourceTree = "<group>"; };
		3EA523A51C6307E7000C47B8 /* ViewController.swift */ = {isa = PBXFileReference; lastKnownFileType = sourcecode.swift; path = ViewController.swift; sourceTree = "<group>"; };
		3EA523A81C6307E7000C47B8 /* Base */ = {isa = PBXFileReference; lastKnownFileType = file.storyboard; name = Base; path = Base.lproj/Main.storyboard; sourceTree = "<group>"; };
		3EA523AA1C6307E7000C47B8 /* Assets.xcassets */ = {isa = PBXFileReference; lastKnownFileType = folder.assetcatalog; path = Assets.xcassets; sourceTree = "<group>"; };
		3EA523AD1C6307E7000C47B8 /* Base */ = {isa = PBXFileReference; lastKnownFileType = file.storyboard; name = Base; path = Base.lproj/LaunchScreen.storyboard; sourceTree = "<group>"; };
		3EA523AF1C6307E7000C47B8 /* Info.plist */ = {isa = PBXFileReference; lastKnownFileType = text.plist.xml; path = Info.plist; sourceTree = "<group>"; };
		3EA523B41C6307E7000C47B8 /* CMP_0.0Tests.xctest */ = {isa = PBXFileReference; explicitFileType = wrapper.cfbundle; includeInIndex = 0; path = CMP_0.0Tests.xctest; sourceTree = BUILT_PRODUCTS_DIR; };
		3EA523B81C6307E7000C47B8 /* CMP_0_0Tests.swift */ = {isa = PBXFileReference; lastKnownFileType = sourcecode.swift; path = CMP_0_0Tests.swift; sourceTree = "<group>"; };
		3EA523BA1C6307E7000C47B8 /* Info.plist */ = {isa = PBXFileReference; lastKnownFileType = text.plist.xml; path = Info.plist; sourceTree = "<group>"; };
		3EA523BF1C6307E7000C47B8 /* CMP_0.0UITests.xctest */ = {isa = PBXFileReference; explicitFileType = wrapper.cfbundle; includeInIndex = 0; path = CMP_0.0UITests.xctest; sourceTree = BUILT_PRODUCTS_DIR; };
		3EA523C31C6307E7000C47B8 /* CMP_0_0UITests.swift */ = {isa = PBXFileReference; lastKnownFileType = sourcecode.swift; path = CMP_0_0UITests.swift; sourceTree = "<group>"; };
		3EA523C51C6307E7000C47B8 /* Info.plist */ = {isa = PBXFileReference; lastKnownFileType = text.plist.xml; path = Info.plist; sourceTree = "<group>"; };
/* End PBXFileReference section */

/* Begin PBXFrameworksBuildPhase section */
		3EA5239D1C6307E7000C47B8 /* Frameworks */ = {
			isa = PBXFrameworksBuildPhase;
			buildActionMask = 2147483647;
			files = (
			);
			runOnlyForDeploymentPostprocessing = 0;
		};
		3EA523B11C6307E7000C47B8 /* Frameworks */ = {
			isa = PBXFrameworksBuildPhase;
			buildActionMask = 2147483647;
			files = (
			);
			runOnlyForDeploymentPostprocessing = 0;
		};
		3EA523BC1C6307E7000C47B8 /* Frameworks */ = {
			isa = PBXFrameworksBuildPhase;
			buildActionMask = 2147483647;
			files = (
			);
			runOnlyForDeploymentPostprocessing = 0;
		};
/* End PBXFrameworksBuildPhase section */

/* Begin PBXGroup section */
		3EA523971C6307E7000C47B8 = {
			isa = PBXGroup;
			children = (
				3EA523A21C6307E7000C47B8 /* CMP_0.0 */,
				3EA523B71C6307E7000C47B8 /* CMP_0.0Tests */,
				3EA523C21C6307E7000C47B8 /* CMP_0.0UITests */,
				3EA523A11C6307E7000C47B8 /* Products */,
			);
			sourceTree = "<group>";
		};
		3EA523A11C6307E7000C47B8 /* Products */ = {
			isa = PBXGroup;
			children = (
				3EA523A01C6307E7000C47B8 /* CMP_0.0.app */,
				3EA523B41C6307E7000C47B8 /* CMP_0.0Tests.xctest */,
				3EA523BF1C6307E7000C47B8 /* CMP_0.0UITests.xctest */,
			);
			name = Products;
			sourceTree = "<group>";
		};
		3EA523A21C6307E7000C47B8 /* CMP_0.0 */ = {
			isa = PBXGroup;
			children = (
				3EA523A31C6307E7000C47B8 /* AppDelegate.swift */,
				3EA523A51C6307E7000C47B8 /* ViewController.swift */,
				3EA523A71C6307E7000C47B8 /* Main.storyboard */,
				3EA523AA1C6307E7000C47B8 /* Assets.xcassets */,
				3EA523AC1C6307E7000C47B8 /* LaunchScreen.storyboard */,
				3EA523AF1C6307E7000C47B8 /* Info.plist */,
			);
			path = CMP_0.0;
			sourceTree = "<group>";
		};
		3EA523B71C6307E7000C47B8 /* CMP_0.0Tests */ = {
			isa = PBXGroup;
			children = (
				3EA523B81C6307E7000C47B8 /* CMP_0_0Tests.swift */,
				3EA523BA1C6307E7000C47B8 /* Info.plist */,
			);
			path = CMP_0.0Tests;
			sourceTree = "<group>";
		};
		3EA523C21C6307E7000C47B8 /* CMP_0.0UITests */ = {
			isa = PBXGroup;
			children = (
				3EA523C31C6307E7000C47B8 /* CMP_0_0UITests.swift */,
				3EA523C51C6307E7000C47B8 /* Info.plist */,
			);
			path = CMP_0.0UITests;
			sourceTree = "<group>";
		};
/* End PBXGroup section */

/* Begin PBXNativeTarget section */
		3EA5239F1C6307E7000C47B8 /* CMP_0.0 */ = {
			isa = PBXNativeTarget;
			buildConfigurationList = 3EA523C81C6307E7000C47B8 /* Build configuration list for PBXNativeTarget "CMP_0.0" */;
			buildPhases = (
				3EA5239C1C6307E7000C47B8 /* Sources */,
				3EA5239D1C6307E7000C47B8 /* Frameworks */,
				3EA5239E1C6307E7000C47B8 /* Resources */,
			);
			buildRules = (
			);
			dependencies = (
			);
			name = CMP_0.0;
			productName = CMP_0.0;
			productReference = 3EA523A01C6307E7000C47B8 /* CMP_0.0.app */;
			productType = "com.apple.product-type.application";
		};
		3EA523B31C6307E7000C47B8 /* CMP_0.0Tests */ = {
			isa = PBXNativeTarget;
			buildConfigurationList = 3EA523CB1C6307E7000C47B8 /* Build configuration list for PBXNativeTarget "CMP_0.0Tests" */;
			buildPhases = (
				3EA523B01C6307E7000C47B8 /* Sources */,
				3EA523B11C6307E7000C47B8 /* Frameworks */,
				3EA523B21C6307E7000C47B8 /* Resources */,
			);
			buildRules = (
			);
			dependencies = (
				3EA523B61C6307E7000C47B8 /* PBXTargetDependency */,
			);
			name = CMP_0.0Tests;
			productName = CMP_0.0Tests;
			productReference = 3EA523B41C6307E7000C47B8 /* CMP_0.0Tests.xctest */;
			productType = "com.apple.product-type.bundle.unit-test";
		};
		3EA523BE1C6307E7000C47B8 /* CMP_0.0UITests */ = {
			isa = PBXNativeTarget;
			buildConfigurationList = 3EA523CE1C6307E7000C47B8 /* Build configuration list for PBXNativeTarget "CMP_0.0UITests" */;
			buildPhases = (
				3EA523BB1C6307E7000C47B8 /* Sources */,
				3EA523BC1C6307E7000C47B8 /* Frameworks */,
				3EA523BD1C6307E7000C47B8 /* Resources */,
			);
			buildRules = (
			);
			dependencies = (
				3EA523C11C6307E7000C47B8 /* PBXTargetDependency */,
			);
			name = CMP_0.0UITests;
			productName = CMP_0.0UITests;
			productReference = 3EA523BF1C6307E7000C47B8 /* CMP_0.0UITests.xctest */;
			productType = "com.apple.product-type.bundle.ui-testing";
		};
/* End PBXNativeTarget section */

/* Begin PBXProject section */
		3EA523981C6307E7000C47B8 /* Project object */ = {
			isa = PBXProject;
			attributes = {
				LastSwiftUpdateCheck = 0720;
				LastUpgradeCheck = 0720;
				ORGANIZATIONNAME = "Akshay's";
				TargetAttributes = {
					3EA5239F1C6307E7000C47B8 = {
						CreatedOnToolsVersion = 7.2.1;
					};
					3EA523B31C6307E7000C47B8 = {
						CreatedOnToolsVersion = 7.2.1;
						TestTargetID = 3EA5239F1C6307E7000C47B8;
					};
					3EA523BE1C6307E7000C47B8 = {
						CreatedOnToolsVersion = 7.2.1;
						TestTargetID = 3EA5239F1C6307E7000C47B8;
					};
				};
			};
			buildConfigurationList = 3EA5239B1C6307E7000C47B8 /* Build configuration list for PBXProject "CMP_0.0" */;
			compatibilityVersion = "Xcode 3.2";
			developmentRegion = English;
			hasScannedForEncodings = 0;
			knownRegions = (
				en,
				Base,
			);
			mainGroup = 3EA523971C6307E7000C47B8;
			productRefGroup = 3EA523A11C6307E7000C47B8 /* Products */;
			projectDirPath = "";
			projectRoot = "";
			targets = (
				3EA5239F1C6307E7000C47B8 /* CMP_0.0 */,
				3EA523B31C6307E7000C47B8 /* CMP_0.0Tests */,
				3EA523BE1C6307E7000C47B8 /* CMP_0.0UITests */,
			);
		};
/* End PBXProject section */

/* Begin PBXResourcesBuildPhase section */
		3EA5239E1C6307E7000C47B8 /* Resources */ = {
			isa = PBXResourcesBuildPhase;
			buildActionMask = 2147483647;
			files = (
				3EA523AE1C6307E7000C47B8 /* LaunchScreen.storyboard in Resources */,
				3EA523AB1C6307E7000C47B8 /* Assets.xcassets in Resources */,
				3EA523A91C6307E7000C47B8 /* Main.storyboard in Resources */,
			);
			runOnlyForDeploymentPostprocessing = 0;
		};
		3EA523B21C6307E7000C47B8 /* Resources */ = {
			isa = PBXResourcesBuildPhase;
			buildActionMask = 2147483647;
			files = (
			);
			runOnlyForDeploymentPostprocessing = 0;
		};
		3EA523BD1C6307E7000C47B8 /* Resources */ = {
			isa = PBXResourcesBuildPhase;
			buildActionMask = 2147483647;
			files = (
			);
			runOnlyForDeploymentPostprocessing = 0;
		};
/* End PBXResourcesBuildPhase section */

/* Begin PBXSourcesBuildPhase section */
		3EA5239C1C6307E7000C47B8 /* Sources */ = {
			isa = PBXSourcesBuildPhase;
			buildActionMask = 2147483647;
			files = (
				3EA523A61C6307E7000C47B8 /* ViewController.swift in Sources */,
				3EA523A41C6307E7000C47B8 /* AppDelegate.swift in Sources */,
			);
			runOnlyForDeploymentPostprocessing = 0;
		};
		3EA523B01C6307E7000C47B8 /* Sources */ = {
			isa = PBXSourcesBuildPhase;
			buildActionMask = 2147483647;
			files = (
				3EA523B91C6307E7000C47B8 /* CMP_0_0Tests.swift in Sources */,
			);
			runOnlyForDeploymentPostprocessing = 0;
		};
		3EA523BB1C6307E7000C47B8 /* Sources */ = {
			isa = PBXSourcesBuildPhase;
			buildActionMask = 2147483647;
			files = (
				3EA523C41C6307E7000C47B8 /* CMP_0_0UITests.swift in Sources */,
			);
			runOnlyForDeploymentPostprocessing = 0;
		};
/* End PBXSourcesBuildPhase section */

/* Begin PBXTargetDependency section */
		3EA523B61C6307E7000C47B8 /* PBXTargetDependency */ = {
			isa = PBXTargetDependency;
			target = 3EA5239F1C6307E7000C47B8 /* CMP_0.0 */;
			targetProxy = 3EA523B51C6307E7000C47B8 /* PBXContainerItemProxy */;
		};
		3EA523C11C6307E7000C47B8 /* PBXTargetDependency */ = {
			isa = PBXTargetDependency;
			target = 3EA5239F1C6307E7000C47B8 /* CMP_0.0 */;
			targetProxy = 3EA523C01C6307E7000C47B8 /* PBXContainerItemProxy */;
		};
/* End PBXTargetDependency section */

/* Begin PBXVariantGroup section */
		3EA523A71C6307E7000C47B8 /* Main.storyboard */ = {
			isa = PBXVariantGroup;
			children = (
				3EA523A81C6307E7000C47B8 /* Base */,
			);
			name = Main.storyboard;
			sourceTree = "<group>";
		};
		3EA523AC1C6307E7000C47B8 /* LaunchScreen.storyboard */ = {
			isa = PBXVariantGroup;
			children = (
				3EA523AD1C6307E7000C47B8 /* Base */,
			);
			name = LaunchScreen.storyboard;
			sourceTree = "<group>";
		};
/* End PBXVariantGroup section */

/* Begin XCBuildConfiguration section */
		3EA523C61C6307E7000C47B8 /* Debug */ = {
			isa = XCBuildConfiguration;
			buildSettings = {
				ALWAYS_SEARCH_USER_PATHS = NO;
				CLANG_CXX_LANGUAGE_STANDARD = "gnu++0x";
				CLANG_CXX_LIBRARY = "libc++";
				CLANG_ENABLE_MODULES = YES;
				CLANG_ENABLE_OBJC_ARC = YES;
				CLANG_WARN_BOOL_CONVERSION = YES;
				CLANG_WARN_CONSTANT_CONVERSION = YES;
				CLANG_WARN_DIRECT_OBJC_ISA_USAGE = YES_ERROR;
				CLANG_WARN_EMPTY_BODY = YES;
				CLANG_WARN_ENUM_CONVERSION = YES;
				CLANG_WARN_INT_CONVERSION = YES;
				CLANG_WARN_OBJC_ROOT_CLASS = YES_ERROR;
				CLANG_WARN_UNREACHABLE_CODE = YES;
				CLANG_WARN__DUPLICATE_METHOD_MATCH = YES;
				"CODE_SIGN_IDENTITY[sdk=iphoneos*]" = "iPhone Developer";
				COPY_PHASE_STRIP = NO;
				DEBUG_INFORMATION_FORMAT = dwarf;
				ENABLE_STRICT_OBJC_MSGSEND = YES;
				ENABLE_TESTABILITY = YES;
				GCC_C_LANGUAGE_STANDARD = gnu99;
				GCC_DYNAMIC_NO_PIC = NO;
				GCC_NO_COMMON_BLOCKS = YES;
				GCC_OPTIMIZATION_LEVEL = 0;
				GCC_PREPROCESSOR_DEFINITIONS = (
					"DEBUG=1",
					"$(inherited)",
				);
				GCC_WARN_64_TO_32_BIT_CONVERSION = YES;
				GCC_WARN_ABOUT_RETURN_TYPE = YES_ERROR;
				GCC_WARN_UNDECLARED_SELECTOR = YES;
				GCC_WARN_UNINITIALIZED_AUTOS = YES_AGGRESSIVE;
				GCC_WARN_UNUSED_FUNCTION = YES;
				GCC_WARN_UNUSED_VARIABLE = YES;
				IPHONEOS_DEPLOYMENT_TARGET = 9.2;
				MTL_ENABLE_DEBUG_INFO = YES;
				ONLY_ACTIVE_ARCH = YES;
				SDKROOT = iphoneos;
				SWIFT_OPTIMIZATION_LEVEL = "-Onone";
			};
			name = Debug;
		};
		3EA523C71C6307E7000C47B8 /* Release */ = {
			isa = XCBuildConfiguration;
			buildSettings = {
				ALWAYS_SEARCH_USER_PATHS = NO;
				CLANG_CXX_LANGUAGE_STANDARD = "gnu++0x";
				CLANG_CXX_LIBRARY = "libc++";
				CLANG_ENABLE_MODULES = YES;
				CLANG_ENABLE_OBJC_ARC = YES;
				CLANG_WARN_BOOL_CONVERSION = YES;
				CLANG_WARN_CONSTANT_CONVERSION = YES;
				CLANG_WARN_DIRECT_OBJC_ISA_USAGE = YES_ERROR;
				CLANG_WARN_EMPTY_BODY = YES;
				CLANG_WARN_ENUM_CONVERSION = YES;
				CLANG_WARN_INT_CONVERSION = YES;
				CLANG_WARN_OBJC_ROOT_CLASS = YES_ERROR;
				CLANG_WARN_UNREACHABLE_CODE = YES;
				CLANG_WARN__DUPLICATE_METHOD_MATCH = YES;
				"CODE_SIGN_IDENTITY[sdk=iphoneos*]" = "iPhone Developer";
				COPY_PHASE_STRIP = NO;
				DEBUG_INFORMATION_FORMAT = "dwarf-with-dsym";
				ENABLE_NS_ASSERTIONS = NO;
				ENABLE_STRICT_OBJC_MSGSEND = YES;
				GCC_C_LANGUAGE_STANDARD = gnu99;
				GCC_NO_COMMON_BLOCKS = YES;
				GCC_WARN_64_TO_32_BIT_CONVERSION = YES;
				GCC_WARN_ABOUT_RETURN_TYPE = YES_ERROR;
				GCC_WARN_UNDECLARED_SELECTOR = YES;
				GCC_WARN_UNINITIALIZED_AUTOS = YES_AGGRESSIVE;
				GCC_WARN_UNUSED_FUNCTION = YES;
				GCC_WARN_UNUSED_VARIABLE = YES;
				IPHONEOS_DEPLOYMENT_TARGET = 9.2;
				MTL_ENABLE_DEBUG_INFO = NO;
				SDKROOT = iphoneos;
				VALIDATE_PRODUCT = YES;
			};
			name = Release;
		};
		3EA523C91C6307E7000C47B8 /* Debug */ = {
			isa = XCBuildConfiguration;
			buildSettings = {
				ASSETCATALOG_COMPILER_APPICON_NAME = AppIcon;
				INFOPLIST_FILE = CMP_0.0/Info.plist;
				LD_RUNPATH_SEARCH_PATHS = "$(inherited) @executable_path/Frameworks";
				PRODUCT_BUNDLE_IDENTIFIER = "com.CMP.CMP-0-0";
				PRODUCT_NAME = "$(TARGET_NAME)";
			};
			name = Debug;
		};
		3EA523CA1C6307E7000C47B8 /* Release */ = {
			isa = XCBuildConfiguration;
			buildSettings = {
				ASSETCATALOG_COMPILER_APPICON_NAME = AppIcon;
				INFOPLIST_FILE = CMP_0.0/Info.plist;
				LD_RUNPATH_SEARCH_PATHS = "$(inherited) @executable_path/Frameworks";
				PRODUCT_BUNDLE_IDENTIFIER = "com.CMP.CMP-0-0";
				PRODUCT_NAME = "$(TARGET_NAME)";
			};
			name = Release;
		};
		3EA523CC1C6307E7000C47B8 /* Debug */ = {
			isa = XCBuildConfiguration;
			buildSettings = {
				BUNDLE_LOADER = "$(TEST_HOST)";
				INFOPLIST_FILE = CMP_0.0Tests/Info.plist;
				LD_RUNPATH_SEARCH_PATHS = "$(inherited) @executable_path/Frameworks @loader_path/Frameworks";
				PRODUCT_BUNDLE_IDENTIFIER = "com.CMP.CMP-0-0Tests";
				PRODUCT_NAME = "$(TARGET_NAME)";
				TEST_HOST = "$(BUILT_PRODUCTS_DIR)/CMP_0.0.app/CMP_0.0";
			};
			name = Debug;
		};
		3EA523CD1C6307E7000C47B8 /* Release */ = {
			isa = XCBuildConfiguration;
			buildSettings = {
				BUNDLE_LOADER = "$(TEST_HOST)";
				INFOPLIST_FILE = CMP_0.0Tests/Info.plist;
				LD_RUNPATH_SEARCH_PATHS = "$(inherited) @executable_path/Frameworks @loader_path/Frameworks";
				PRODUCT_BUNDLE_IDENTIFIER = "com.CMP.CMP-0-0Tests";
				PRODUCT_NAME = "$(TARGET_NAME)";
				TEST_HOST = "$(BUILT_PRODUCTS_DIR)/CMP_0.0.app/CMP_0.0";
			};
			name = Release;
		};
		3EA523CF1C6307E7000C47B8 /* Debug */ = {
			isa = XCBuildConfiguration;
			buildSettings = {
				INFOPLIST_FILE = CMP_0.0UITests/Info.plist;
				LD_RUNPATH_SEARCH_PATHS = "$(inherited) @executable_path/Frameworks @loader_path/Frameworks";
				PRODUCT_BUNDLE_IDENTIFIER = "com.CMP.CMP-0-0UITests";
				PRODUCT_NAME = "$(TARGET_NAME)";
				TEST_TARGET_NAME = CMP_0.0;
				USES_XCTRUNNER = YES;
			};
			name = Debug;
		};
		3EA523D01C6307E7000C47B8 /* Release */ = {
			isa = XCBuildConfiguration;
			buildSettings = {
				INFOPLIST_FILE = CMP_0.0UITests/Info.plist;
				LD_RUNPATH_SEARCH_PATHS = "$(inherited) @executable_path/Frameworks @loader_path/Frameworks";
				PRODUCT_BUNDLE_IDENTIFIER = "com.CMP.CMP-0-0UITests";
				PRODUCT_NAME = "$(TARGET_NAME)";
				TEST_TARGET_NAME = CMP_0.0;
				USES_XCTRUNNER = YES;
			};
			name = Release;
		};
/* End XCBuildConfiguration section */

/* Begin XCConfigurationList section */
		3EA5239B1C6307E7000C47B8 /* Build configuration list for PBXProject "CMP_0.0" */ = {
			isa = XCConfigurationList;
			buildConfigurations = (
				3EA523C61C6307E7000C47B8 /* Debug */,
				3EA523C71C6307E7000C47B8 /* Release */,
			);
			defaultConfigurationIsVisible = 0;
			defaultConfigurationName = Release;
		};
		3EA523C81C6307E7000C47B8 /* Build configuration list for PBXNativeTarget "CMP_0.0" */ = {
			isa = XCConfigurationList;
			buildConfigurations = (
				3EA523C91C6307E7000C47B8 /* Debug */,
				3EA523CA1C6307E7000C47B8 /* Release */,
			);
			defaultConfigurationIsVisible = 0;
		};
		3EA523CB1C6307E7000C47B8 /* Build configuration list for PBXNativeTarget "CMP_0.0Tests" */ = {
			isa = XCConfigurationList;
			buildConfigurations = (
				3EA523CC1C6307E7000C47B8 /* Debug */,
				3EA523CD1C6307E7000C47B8 /* Release */,
			);
			defaultConfigurationIsVisible = 0;
		};
		3EA523CE1C6307E7000C47B8 /* Build configuration list for PBXNativeTarget "CMP_0.0UITests" */ = {
			isa = XCConfigurationList;
			buildConfigurations = (
				3EA523CF1C6307E7000C47B8 /* Debug */,
				3EA523D01C6307E7000C47B8 /* Release */,
			);
			defaultConfigurationIsVisible = 0;
		};
/* End XCConfigurationList section */
	};
	rootObject = 3EA523981C6307E7000C47B8 /* Project object */;
}
